
Microsoft Visual Studio Solution File, Format Version 12.00
# Visual Studio Version 17
VisualStudioVersion = 17.14.36310.24
MinimumVisualStudioVersion = 10.0.40219.1
Project("{FAE04EC0-301F-11D3-BF4B-00C04F79EFBC}") = "Lista enlazada simple", "Lista enlazada simple\Lista enlazada simple.csproj", "{52963134-09CB-407D-B406-CFA21A8FF05B}"
EndProject
Project("{FAE04EC0-301F-11D3-BF4B-00C04F79EFBC}") = "Lista enlazada ciruclar", "Lista enlazada ciruclar\Lista enlazada ciruclar.csproj", "{C4CCD4D3-1555-44A4-812F-94E8F6AD8A09}"
EndProject
Project("{FAE04EC0-301F-11D3-BF4B-00C04F79EFBC}") = "Lista enlazada doble", "Lista enlazada doble\Lista enlazada doble.csproj", "{9C7756D3-19AC-4512-87E5-F2F408F7541F}"
EndProject
Project("{FAE04EC0-301F-11D3-BF4B-00C04F79EFBC}") = "Lista enlazada doble SP", "Lista enlazada doble SP\Lista enlazada doble SP.csproj", "{2A7C0B26-E7EE-453F-876C-D2C3A40337A3}"
EndProject
Project("{FAE04EC0-301F-11D3-BF4B-00C04F79EFBC}") = "Pila", "Pila\Pila.csproj", "{846BDFEC-71D6-4B5D-BD80-F87ECE85EADC}"
EndProject
Global
	GlobalSection(SolutionConfigurationPlatforms) = preSolution
		Debug|Any CPU = Debug|Any CPU
		Release|Any CPU = Release|Any CPU
	EndGlobalSection
	GlobalSection(ProjectConfigurationPlatforms) = postSolution
		{52963134-09CB-407D-B406-CFA21A8FF05B}.Debug|Any CPU.ActiveCfg = Debug|Any CPU
		{52963134-09CB-407D-B406-CFA21A8FF05B}.Debug|Any CPU.Build.0 = Debug|Any CPU
		{52963134-09CB-407D-B406-CFA21A8FF05B}.Release|Any CPU.ActiveCfg = Release|Any CPU
		{52963134-09CB-407D-B406-CFA21A8FF05B}.Release|Any CPU.Build.0 = Release|Any CPU
		{C4CCD4D3-1555-44A4-812F-94E8F6AD8A09}.Debug|Any CPU.ActiveCfg = Debug|Any CPU
		{C4CCD4D3-1555-44A4-812F-94E8F6AD8A09}.Debug|Any CPU.Build.0 = Debug|Any CPU
		{C4CCD4D3-1555-44A4-812F-94E8F6AD8A09}.Release|Any CPU.ActiveCfg = Release|Any CPU
		{C4CCD4D3-1555-44A4-812F-94E8F6AD8A09}.Release|Any CPU.Build.0 = Release|Any CPU
		{9C7756D3-19AC-4512-87E5-F2F408F7541F}.Debug|Any CPU.ActiveCfg = Debug|Any CPU
		{9C7756D3-19AC-4512-87E5-F2F408F7541F}.Debug|Any CPU.Build.0 = Debug|Any CPU
		{9C7756D3-19AC-4512-87E5-F2F408F7541F}.Release|Any CPU.ActiveCfg = Release|Any CPU
		{9C7756D3-19AC-4512-87E5-F2F408F7541F}.Release|Any CPU.Build.0 = Release|Any CPU
		{2A7C0B26-E7EE-453F-876C-D2C3A40337A3}.Debug|Any CPU.ActiveCfg = Debug|Any CPU
		{2A7C0B26-E7EE-453F-876C-D2C3A40337A3}.Debug|Any CPU.Build.0 = Debug|Any CPU
		{2A7C0B26-E7EE-453F-876C-D2C3A40337A3}.Release|Any CPU.ActiveCfg = Release|Any CPU
		{2A7C0B26-E7EE-453F-876C-D2C3A40337A3}.Release|Any CPU.Build.0 = Release|Any CPU
		{846BDFEC-71D6-4B5D-BD80-F87ECE85EADC}.Debug|Any CPU.ActiveCfg = Debug|Any CPU
		{846BDFEC-71D6-4B5D-BD80-F87ECE85EADC}.Debug|Any CPU.Build.0 = Debug|Any CPU
		{846BDFEC-71D6-4B5D-BD80-F87ECE85EADC}.Release|Any CPU.ActiveCfg = Release|Any CPU
		{846BDFEC-71D6-4B5D-BD80-F87ECE85EADC}.Release|Any CPU.Build.0 = Release|Any CPU
	EndGlobalSection
	GlobalSection(SolutionProperties) = preSolution
		HideSolutionNode = FALSE
	EndGlobalSection
	GlobalSection(ExtensibilityGlobals) = postSolution
		SolutionGuid = {D9BFCB70-9636-4E5B-8AC0-CDD03EF06732}
	EndGlobalSection
EndGlobal
